
Microsoft Visual Studio Solution File, Format Version 12.00
# Visual Studio Version 17
VisualStudioVersion = 17.8.34525.116
MinimumVisualStudioVersion = 10.0.40219.1
Project("{FAE04EC0-301F-11D3-BF4B-00C04F79EFBC}") = "Icy 7", "Icy 7\Icy 7.csproj", "{D145CEF0-1CF9-4271-B203-BDE5E3361533}"
EndProject
Global
	GlobalSection(SolutionConfigurationPlatforms) = preSolution
		Debug|Any CPU = Debug|Any CPU
		Release|Any CPU = Release|Any CPU
	EndGlobalSection
	GlobalSection(ProjectConfigurationPlatforms) = postSolution
		{D145CEF0-1CF9-4271-B203-BDE5E3361533}.Debug|Any CPU.ActiveCfg = Debug|Any CPU
		{D145CEF0-1CF9-4271-B203-BDE5E3361533}.Debug|Any CPU.Build.0 = Debug|Any CPU
		{D145CEF0-1CF9-4271-B203-BDE5E3361533}.Release|Any CPU.ActiveCfg = Release|Any CPU
		{D145CEF0-1CF9-4271-B203-BDE5E3361533}.Release|Any CPU.Build.0 = Release|Any CPU
	EndGlobalSection
	GlobalSection(SolutionProperties) = preSolution
		HideSolutionNode = FALSE
	EndGlobalSection
	GlobalSection(ExtensibilityGlobals) = postSolution
		SolutionGuid = {F3FDB55E-B4F6-41CD-B097-D7176A7201EA}
	EndGlobalSection
EndGlobal
